
Microsoft Visual Studio Solution File, Format Version 12.00
# Visual Studio Version 17
VisualStudioVersion = 17.14.36623.8 d17.14
MinimumVisualStudioVersion = 10.0.40219.1
Project("{FAE04EC0-301F-11D3-BF4B-00C04F79EFBC}") = "Carrinho.Compra.API", "Carrinho.Compra.API\Carrinho.Compra.API.csproj", "{4C47FEEA-BDB0-4E31-ADB5-DA42D6BA8002}"
EndProject
Project("{FAE04EC0-301F-11D3-BF4B-00C04F79EFBC}") = "Carrinho.Compra.Domain", "Carrinho.Compra.Domain\Carrinho.Compra.Domain.csproj", "{00130831-1CA9-46E9-8D37-1F3B76265F4F}"
EndProject
Project("{FAE04EC0-301F-11D3-BF4B-00C04F79EFBC}") = "Carrinho.Compra.Database", "Carrinho.Compra.Database\Carrinho.Compra.Database.csproj", "{26CA26A0-BD86-4F5C-A58B-7563DFC8BC1C}"
EndProject
Project("{FAE04EC0-301F-11D3-BF4B-00C04F79EFBC}") = "Carrinho.Compra.Repository", "Carrinho.Compra.Repository\Carrinho.Compra.Repository.csproj", "{C5E8D28C-BFED-4C41-AE5E-3077322E4AF9}"
EndProject
Project("{FAE04EC0-301F-11D3-BF4B-00C04F79EFBC}") = "Carrinho.Compra.Service", "Carrinho.Compra.Service\Carrinho.Compra.Service.csproj", "{C162D21D-95F1-4BAF-82D6-A4E720BEFF51}"
EndProject
Global
	GlobalSection(SolutionConfigurationPlatforms) = preSolution
		Debug|Any CPU = Debug|Any CPU
		Release|Any CPU = Release|Any CPU
	EndGlobalSection
	GlobalSection(ProjectConfigurationPlatforms) = postSolution
		{4C47FEEA-BDB0-4E31-ADB5-DA42D6BA8002}.Debug|Any CPU.ActiveCfg = Debug|Any CPU
		{4C47FEEA-BDB0-4E31-ADB5-DA42D6BA8002}.Debug|Any CPU.Build.0 = Debug|Any CPU
		{4C47FEEA-BDB0-4E31-ADB5-DA42D6BA8002}.Release|Any CPU.ActiveCfg = Release|Any CPU
		{4C47FEEA-BDB0-4E31-ADB5-DA42D6BA8002}.Release|Any CPU.Build.0 = Release|Any CPU
		{00130831-1CA9-46E9-8D37-1F3B76265F4F}.Debug|Any CPU.ActiveCfg = Debug|Any CPU
		{00130831-1CA9-46E9-8D37-1F3B76265F4F}.Debug|Any CPU.Build.0 = Debug|Any CPU
		{00130831-1CA9-46E9-8D37-1F3B76265F4F}.Release|Any CPU.ActiveCfg = Release|Any CPU
		{00130831-1CA9-46E9-8D37-1F3B76265F4F}.Release|Any CPU.Build.0 = Release|Any CPU
		{26CA26A0-BD86-4F5C-A58B-7563DFC8BC1C}.Debug|Any CPU.ActiveCfg = Debug|Any CPU
		{26CA26A0-BD86-4F5C-A58B-7563DFC8BC1C}.Debug|Any CPU.Build.0 = Debug|Any CPU
		{26CA26A0-BD86-4F5C-A58B-7563DFC8BC1C}.Release|Any CPU.ActiveCfg = Release|Any CPU
		{26CA26A0-BD86-4F5C-A58B-7563DFC8BC1C}.Release|Any CPU.Build.0 = Release|Any CPU
		{C5E8D28C-BFED-4C41-AE5E-3077322E4AF9}.Debug|Any CPU.ActiveCfg = Debug|Any CPU
		{C5E8D28C-BFED-4C41-AE5E-3077322E4AF9}.Debug|Any CPU.Build.0 = Debug|Any CPU
		{C5E8D28C-BFED-4C41-AE5E-3077322E4AF9}.Release|Any CPU.ActiveCfg = Release|Any CPU
		{C5E8D28C-BFED-4C41-AE5E-3077322E4AF9}.Release|Any CPU.Build.0 = Release|Any CPU
		{C162D21D-95F1-4BAF-82D6-A4E720BEFF51}.Debug|Any CPU.ActiveCfg = Debug|Any CPU
		{C162D21D-95F1-4BAF-82D6-A4E720BEFF51}.Debug|Any CPU.Build.0 = Debug|Any CPU
		{C162D21D-95F1-4BAF-82D6-A4E720BEFF51}.Release|Any CPU.ActiveCfg = Release|Any CPU
		{C162D21D-95F1-4BAF-82D6-A4E720BEFF51}.Release|Any CPU.Build.0 = Release|Any CPU
	EndGlobalSection
	GlobalSection(SolutionProperties) = preSolution
		HideSolutionNode = FALSE
	EndGlobalSection
	GlobalSection(ExtensibilityGlobals) = postSolution
		SolutionGuid = {06737137-1E73-44B9-A821-088235CCFFD9}
	EndGlobalSection
EndGlobal
